{
    "_readme": [
        "This file locks the dependencies of your project to a known state",
        "Read more about it at http://getcomposer.org/doc/01-basic-usage.md#composer-lock-the-lock-file",
        "This file is @generated automatically"
    ],
    "hash": "b785085d0a38782b83af1f12d073a597",
    "packages": [
        {
            "name": "paragonie/random_compat",
            "version": "v1.2.1",
            "source": {
                "type": "git",
                "url": "https://github.com/paragonie/random_compat.git",
                "reference": "f078eba3bcf140fd69b5fcc3ea5ac809abf729dc"
            },
            "dist": {
                "type": "zip",
                "url": "https://api.github.com/repos/paragonie/random_compat/zipball/f078eba3bcf140fd69b5fcc3ea5ac809abf729dc",
                "reference": "f078eba3bcf140fd69b5fcc3ea5ac809abf729dc",
                "shasum": ""
            },
            "require": {
                "php": ">=5.2.0"
            },
            "require-dev": {
                "phpunit/phpunit": "4.*|5.*"
            },
            "suggest": {
                "ext-libsodium": "Provides a modern crypto API that can be used to generate random bytes."
            },
            "type": "library",
            "autoload": {
                "files": [
                    "lib/random.php"
                ]
            },
            "notification-url": "https://packagist.org/downloads/",
            "license": [
                "MIT"
            ],
            "authors": [
                {
                    "name": "Paragon Initiative Enterprises",
                    "email": "security@paragonie.com",
                    "homepage": "https://paragonie.com"
                }
            ],
            "description": "PHP 5.x polyfill for random_bytes() and random_int() from PHP 7",
            "keywords": [
                "csprng",
                "pseudorandom",
                "random"
            ],
            "time": "2016-02-29 17:25:04"
        },
        {
            "name": "zensend/zensend",
            "version": "1.0.1",
            "source": {
                "type": "git",
                "url": "https://github.com/zensend/zensend_php_api.git",
                "reference": "57631e0e962984b17a2d3e5607f2cf4ec8129731"
            },
            "dist": {
                "type": "zip",
                "url": "https://api.github.com/repos/zensend/zensend_php_api/zipball/57631e0e962984b17a2d3e5607f2cf4ec8129731",
                "reference": "57631e0e962984b17a2d3e5607f2cf4ec8129731",
                "shasum": ""
            },
            "require": {
                "ext-curl": "*",
                "ext-json": "*",
                "php": ">=5.3.3"
            },
            "require-dev": {
                "phpunit/phpunit": "~4.6"
            },
            "type": "library",
            "autoload": {
                "psr-4": {
                    "ZenSend\\": "lib/"
                }
            },
            "notification-url": "https://packagist.org/downloads/",
            "license": [
                "MIT"
            ],
            "authors": [
                {
                    "name": "ZenSend"
                }
            ],
            "description": "ZenSend PHP Library",
            "time": "2015-11-17 15:17:46"
        }
    ],
    "packages-dev": [],
    "aliases": [],
    "minimum-stability": "stable",
    "stability-flags": [],
    "prefer-stable": false,
    "prefer-lowest": false,
    "platform": [],
    "platform-dev": []
}
